// !$*UTF8*$!
{
	archiveVersion = 1;
	classes = {
	};
	objectVersion = 55;
	objects = {

/* Begin PBXBuildFile section */
		B3E8DAFB2857153B00E2398A /* AppDelegate.swift in Sources */ = {isa = PBXBuildFile; fileRef = B3E8DAFA2857153B00E2398A /* AppDelegate.swift */; };
		B3E8DAFD2857153B00E2398A /* SceneDelegate.swift in Sources */ = {isa = PBXBuildFile; fileRef = B3E8DAFC2857153B00E2398A /* SceneDelegate.swift */; };
		B3E8DAFF2857153B00E2398A /* ViewController.swift in Sources */ = {isa = PBXBuildFile; fileRef = B3E8DAFE2857153B00E2398A /* ViewController.swift */; };
		B3E8DB022857153B00E2398A /* Main.storyboard in Resources */ = {isa = PBXBuildFile; fileRef = B3E8DB002857153B00E2398A /* Main.storyboard */; };
		B3E8DB042857153C00E2398A /* Assets.xcassets in Resources */ = {isa = PBXBuildFile; fileRef = B3E8DB032857153C00E2398A /* Assets.xcassets */; };
		B3E8DB072857153C00E2398A /* LaunchScreen.storyboard in Resources */ = {isa = PBXBuildFile; fileRef = B3E8DB052857153C00E2398A /* LaunchScreen.storyboard */; };
		B3E8DB122857153C00E2398A /* CellImageDownloaderTests.swift in Sources */ = {isa = PBXBuildFile; fileRef = B3E8DB112857153C00E2398A /* CellImageDownloaderTests.swift */; };
		B3E8DB1C2857153C00E2398A /* CellImageDownloaderUITests.swift in Sources */ = {isa = PBXBuildFile; fileRef = B3E8DB1B2857153C00E2398A /* CellImageDownloaderUITests.swift */; };
		B3E8DB1E2857153C00E2398A /* CellImageDownloaderUITestsLaunchTests.swift in Sources */ = {isa = PBXBuildFile; fileRef = B3E8DB1D2857153C00E2398A /* CellImageDownloaderUITestsLaunchTests.swift */; };
		B3E8DB2D2857158200E2398A /* ImageCollectionViewCell.swift in Sources */ = {isa = PBXBuildFile; fileRef = B3E8DB2B2857158200E2398A /* ImageCollectionViewCell.swift */; };
		B3E8DB2E2857158200E2398A /* ImageCollectionViewCell.xib in Resources */ = {isa = PBXBuildFile; fileRef = B3E8DB2C2857158200E2398A /* ImageCollectionViewCell.xib */; };
		B3E8DB302857164800E2398A /* NewsApiMockResponse.json in Resources */ = {isa = PBXBuildFile; fileRef = B3E8DB2F2857164800E2398A /* NewsApiMockResponse.json */; };
		B3E8DB322857166300E2398A /* Utils.swift in Sources */ = {isa = PBXBuildFile; fileRef = B3E8DB312857166300E2398A /* Utils.swift */; };
		B3E8DB3B2857170700E2398A /* Source.swift in Sources */ = {isa = PBXBuildFile; fileRef = B3E8DB382857170700E2398A /* Source.swift */; };
		B3E8DB3C2857170700E2398A /* Article.swift in Sources */ = {isa = PBXBuildFile; fileRef = B3E8DB392857170700E2398A /* Article.swift */; };
		B3E8DB3D2857170700E2398A /* Articles.swift in Sources */ = {isa = PBXBuildFile; fileRef = B3E8DB3A2857170700E2398A /* Articles.swift */; };
		B3E8DB402857189000E2398A /* CellImageDownloaderManager.swift in Sources */ = {isa = PBXBuildFile; fileRef = B3E8DB3F2857189000E2398A /* CellImageDownloaderManager.swift */; };
		B3E8DB45285738EC00E2398A /* Kingfisher in Frameworks */ = {isa = PBXBuildFile; productRef = B3E8DB44285738EC00E2398A /* Kingfisher */; };
/* End PBXBuildFile section */

/* Begin PBXContainerItemProxy section */
		B3E8DB0E2857153C00E2398A /* PBXContainerItemProxy */ = {
			isa = PBXContainerItemProxy;
			containerPortal = B3E8DAEF2857153B00E2398A /* Project object */;
			proxyType = 1;
			remoteGlobalIDString = B3E8DAF62857153B00E2398A;
			remoteInfo = CellImageDownloader;
		};
		B3E8DB182857153C00E2398A /* PBXContainerItemProxy */ = {
			isa = PBXContainerItemProxy;
			containerPortal = B3E8DAEF2857153B00E2398A /* Project object */;
			proxyType = 1;
			remoteGlobalIDString = B3E8DAF62857153B00E2398A;
			remoteInfo = CellImageDownloader;
		};
/* End PBXContainerItemProxy section */

/* Begin PBXFileReference section */
		B3E8DAF72857153B00E2398A /* CellImageDownloader.app */ = {isa = PBXFileReference; explicitFileType = wrapper.application; includeInIndex = 0; path = CellImageDownloader.app; sourceTree = BUILT_PRODUCTS_DIR; };
		B3E8DAFA2857153B00E2398A /* AppDelegate.swift */ = {isa = PBXFileReference; lastKnownFileType = sourcecode.swift; path = AppDelegate.swift; sourceTree = "<group>"; };
		B3E8DAFC2857153B00E2398A /* SceneDelegate.swift */ = {isa = PBXFileReference; lastKnownFileType = sourcecode.swift; path = SceneDelegate.swift; sourceTree = "<group>"; };
		B3E8DAFE2857153B00E2398A /* ViewController.swift */ = {isa = PBXFileReference; lastKnownFileType = sourcecode.swift; path = ViewController.swift; sourceTree = "<group>"; };
		B3E8DB012857153B00E2398A /* Base */ = {isa = PBXFileReference; lastKnownFileType = file.storyboard; name = Base; path = Base.lproj/Main.storyboard; sourceTree = "<group>"; };
		B3E8DB032857153C00E2398A /* Assets.xcassets */ = {isa = PBXFileReference; lastKnownFileType = folder.assetcatalog; path = Assets.xcassets; sourceTree = "<group>"; };
		B3E8DB062857153C00E2398A /* Base */ = {isa = PBXFileReference; lastKnownFileType = file.storyboard; name = Base; path = Base.lproj/LaunchScreen.storyboard; sourceTree = "<group>"; };
		B3E8DB082857153C00E2398A /* Info.plist */ = {isa = PBXFileReference; lastKnownFileType = text.plist.xml; path = Info.plist; sourceTree = "<group>"; };
		B3E8DB0D2857153C00E2398A /* CellImageDownloaderTests.xctest */ = {isa = PBXFileReference; explicitFileType = wrapper.cfbundle; includeInIndex = 0; path = CellImageDownloaderTests.xctest; sourceTree = BUILT_PRODUCTS_DIR; };
		B3E8DB112857153C00E2398A /* CellImageDownloaderTests.swift */ = {isa = PBXFileReference; lastKnownFileType = sourcecode.swift; path = CellImageDownloaderTests.swift; sourceTree = "<group>"; };
		B3E8DB172857153C00E2398A /* CellImageDownloaderUITests.xctest */ = {isa = PBXFileReference; explicitFileType = wrapper.cfbundle; includeInIndex = 0; path = CellImageDownloaderUITests.xctest; sourceTree = BUILT_PRODUCTS_DIR; };
		B3E8DB1B2857153C00E2398A /* CellImageDownloaderUITests.swift */ = {isa = PBXFileReference; lastKnownFileType = sourcecode.swift; path = CellImageDownloaderUITests.swift; sourceTree = "<group>"; };
		B3E8DB1D2857153C00E2398A /* CellImageDownloaderUITestsLaunchTests.swift */ = {isa = PBXFileReference; lastKnownFileType = sourcecode.swift; path = CellImageDownloaderUITestsLaunchTests.swift; sourceTree = "<group>"; };
		B3E8DB2B2857158200E2398A /* ImageCollectionViewCell.swift */ = {isa = PBXFileReference; lastKnownFileType = sourcecode.swift; path = ImageCollectionViewCell.swift; sourceTree = "<group>"; };
		B3E8DB2C2857158200E2398A /* ImageCollectionViewCell.xib */ = {isa = PBXFileReference; lastKnownFileType = file.xib; path = ImageCollectionViewCell.xib; sourceTree = "<group>"; };
		B3E8DB2F2857164800E2398A /* NewsApiMockResponse.json */ = {isa = PBXFileReference; fileEncoding = 4; lastKnownFileType = text.json; path = NewsApiMockResponse.json; sourceTree = "<group>"; };
		B3E8DB312857166300E2398A /* Utils.swift */ = {isa = PBXFileReference; fileEncoding = 4; lastKnownFileType = sourcecode.swift; path = Utils.swift; sourceTree = "<group>"; };
		B3E8DB382857170700E2398A /* Source.swift */ = {isa = PBXFileReference; fileEncoding = 4; lastKnownFileType = sourcecode.swift; path = Source.swift; sourceTree = "<group>"; };
		B3E8DB392857170700E2398A /* Article.swift */ = {isa = PBXFileReference; fileEncoding = 4; lastKnownFileType = sourcecode.swift; path = Article.swift; sourceTree = "<group>"; };
		B3E8DB3A2857170700E2398A /* Articles.swift */ = {isa = PBXFileReference; fileEncoding = 4; lastKnownFileType = sourcecode.swift; path = Articles.swift; sourceTree = "<group>"; };
		B3E8DB3F2857189000E2398A /* CellImageDownloaderManager.swift */ = {isa = PBXFileReference; lastKnownFileType = sourcecode.swift; path = CellImageDownloaderManager.swift; sourceTree = "<group>"; };
/* End PBXFileReference section */

/* Begin PBXFrameworksBuildPhase section */
		B3E8DAF42857153B00E2398A /* Frameworks */ = {
			isa = PBXFrameworksBuildPhase;
			buildActionMask = 2147483647;
			files = (
				B3E8DB45285738EC00E2398A /* Kingfisher in Frameworks */,
			);
			runOnlyForDeploymentPostprocessing = 0;
		};
		B3E8DB0A2857153C00E2398A /* Frameworks */ = {
			isa = PBXFrameworksBuildPhase;
			buildActionMask = 2147483647;
			files = (
			);
			runOnlyForDeploymentPostprocessing = 0;
		};
		B3E8DB142857153C00E2398A /* Frameworks */ = {
			isa = PBXFrameworksBuildPhase;
			buildActionMask = 2147483647;
			files = (
			);
			runOnlyForDeploymentPostprocessing = 0;
		};
/* End PBXFrameworksBuildPhase section */

/* Begin PBXGroup section */
		B3E8DAEE2857153B00E2398A = {
			isa = PBXGroup;
			children = (
				B3E8DAF92857153B00E2398A /* CellImageDownloader */,
				B3E8DB102857153C00E2398A /* CellImageDownloaderTests */,
				B3E8DB1A2857153C00E2398A /* CellImageDownloaderUITests */,
				B3E8DAF82857153B00E2398A /* Products */,
			);
			sourceTree = "<group>";
		};
		B3E8DAF82857153B00E2398A /* Products */ = {
			isa = PBXGroup;
			children = (
				B3E8DAF72857153B00E2398A /* CellImageDownloader.app */,
				B3E8DB0D2857153C00E2398A /* CellImageDownloaderTests.xctest */,
				B3E8DB172857153C00E2398A /* CellImageDownloaderUITests.xctest */,
			);
			name = Products;
			sourceTree = "<group>";
		};
		B3E8DAF92857153B00E2398A /* CellImageDownloader */ = {
			isa = PBXGroup;
			children = (
				B3E8DB3E2857187300E2398A /* CellImageDownloaderManager */,
				B3E8DB372857170700E2398A /* Model */,
				B3E8DB332857168400E2398A /* Utils */,
				B3E8DB2A2857157300E2398A /* ImageCell */,
				B3E8DAFA2857153B00E2398A /* AppDelegate.swift */,
				B3E8DAFC2857153B00E2398A /* SceneDelegate.swift */,
				B3E8DAFE2857153B00E2398A /* ViewController.swift */,
				B3E8DB002857153B00E2398A /* Main.storyboard */,
				B3E8DB032857153C00E2398A /* Assets.xcassets */,
				B3E8DB052857153C00E2398A /* LaunchScreen.storyboard */,
				B3E8DB082857153C00E2398A /* Info.plist */,
			);
			path = CellImageDownloader;
			sourceTree = "<group>";
		};
		B3E8DB102857153C00E2398A /* CellImageDownloaderTests */ = {
			isa = PBXGroup;
			children = (
				B3E8DB112857153C00E2398A /* CellImageDownloaderTests.swift */,
			);
			path = CellImageDownloaderTests;
			sourceTree = "<group>";
		};
		B3E8DB1A2857153C00E2398A /* CellImageDownloaderUITests */ = {
			isa = PBXGroup;
			children = (
				B3E8DB1B2857153C00E2398A /* CellImageDownloaderUITests.swift */,
				B3E8DB1D2857153C00E2398A /* CellImageDownloaderUITestsLaunchTests.swift */,
			);
			path = CellImageDownloaderUITests;
			sourceTree = "<group>";
		};
		B3E8DB2A2857157300E2398A /* ImageCell */ = {
			isa = PBXGroup;
			children = (
				B3E8DB2B2857158200E2398A /* ImageCollectionViewCell.swift */,
				B3E8DB2C2857158200E2398A /* ImageCollectionViewCell.xib */,
			);
			path = ImageCell;
			sourceTree = "<group>";
		};
		B3E8DB332857168400E2398A /* Utils */ = {
			isa = PBXGroup;
			children = (
				B3E8DB312857166300E2398A /* Utils.swift */,
				B3E8DB2F2857164800E2398A /* NewsApiMockResponse.json */,
			);
			path = Utils;
			sourceTree = "<group>";
		};
		B3E8DB372857170700E2398A /* Model */ = {
			isa = PBXGroup;
			children = (
				B3E8DB382857170700E2398A /* Source.swift */,
				B3E8DB392857170700E2398A /* Article.swift */,
				B3E8DB3A2857170700E2398A /* Articles.swift */,
			);
			path = Model;
			sourceTree = "<group>";
		};
		B3E8DB3E2857187300E2398A /* CellImageDownloaderManager */ = {
			isa = PBXGroup;
			children = (
				B3E8DB3F2857189000E2398A /* CellImageDownloaderManager.swift */,
			);
			path = CellImageDownloaderManager;
			sourceTree = "<group>";
		};
/* End PBXGroup section */

/* Begin PBXNativeTarget section */
		B3E8DAF62857153B00E2398A /* CellImageDownloader */ = {
			isa = PBXNativeTarget;
			buildConfigurationList = B3E8DB212857153C00E2398A /* Build configuration list for PBXNativeTarget "CellImageDownloader" */;
			buildPhases = (
				B3E8DAF32857153B00E2398A /* Sources */,
				B3E8DAF42857153B00E2398A /* Frameworks */,
				B3E8DAF52857153B00E2398A /* Resources */,
			);
			buildRules = (
			);
			dependencies = (
			);
			name = CellImageDownloader;
			packageProductDependencies = (
				B3E8DB44285738EC00E2398A /* Kingfisher */,
			);
			productName = CellImageDownloader;
			productReference = B3E8DAF72857153B00E2398A /* CellImageDownloader.app */;
			productType = "com.apple.product-type.application";
		};
		B3E8DB0C2857153C00E2398A /* CellImageDownloaderTests */ = {
			isa = PBXNativeTarget;
			buildConfigurationList = B3E8DB242857153C00E2398A /* Build configuration list for PBXNativeTarget "CellImageDownloaderTests" */;
			buildPhases = (
				B3E8DB092857153C00E2398A /* Sources */,
				B3E8DB0A2857153C00E2398A /* Frameworks */,
				B3E8DB0B2857153C00E2398A /* Resources */,
			);
			buildRules = (
			);
			dependencies = (
				B3E8DB0F2857153C00E2398A /* PBXTargetDependency */,
			);
			name = CellImageDownloaderTests;
			productName = CellImageDownloaderTests;
			productReference = B3E8DB0D2857153C00E2398A /* CellImageDownloaderTests.xctest */;
			productType = "com.apple.product-type.bundle.unit-test";
		};
		B3E8DB162857153C00E2398A /* CellImageDownloaderUITests */ = {
			isa = PBXNativeTarget;
			buildConfigurationList = B3E8DB272857153C00E2398A /* Build configuration list for PBXNativeTarget "CellImageDownloaderUITests" */;
			buildPhases = (
				B3E8DB132857153C00E2398A /* Sources */,
				B3E8DB142857153C00E2398A /* Frameworks */,
				B3E8DB152857153C00E2398A /* Resources */,
			);
			buildRules = (
			);
			dependencies = (
				B3E8DB192857153C00E2398A /* PBXTargetDependency */,
			);
			name = CellImageDownloaderUITests;
			productName = CellImageDownloaderUITests;
			productReference = B3E8DB172857153C00E2398A /* CellImageDownloaderUITests.xctest */;
			productType = "com.apple.product-type.bundle.ui-testing";
		};
/* End PBXNativeTarget section */

/* Begin PBXProject section */
		B3E8DAEF2857153B00E2398A /* Project object */ = {
			isa = PBXProject;
			attributes = {
				BuildIndependentTargetsInParallel = 1;
				LastSwiftUpdateCheck = 1320;
				LastUpgradeCheck = 1320;
				TargetAttributes = {
					B3E8DAF62857153B00E2398A = {
						CreatedOnToolsVersion = 13.2.1;
					};
					B3E8DB0C2857153C00E2398A = {
						CreatedOnToolsVersion = 13.2.1;
						TestTargetID = B3E8DAF62857153B00E2398A;
					};
					B3E8DB162857153C00E2398A = {
						CreatedOnToolsVersion = 13.2.1;
						TestTargetID = B3E8DAF62857153B00E2398A;
					};
				};
			};
			buildConfigurationList = B3E8DAF22857153B00E2398A /* Build configuration list for PBXProject "CellImageDownloader" */;
			compatibilityVersion = "Xcode 13.0";
			developmentRegion = en;
			hasScannedForEncodings = 0;
			knownRegions = (
				en,
				Base,
			);
			mainGroup = B3E8DAEE2857153B00E2398A;
			packageReferences = (
				B3E8DB43285738EC00E2398A /* XCRemoteSwiftPackageReference "Kingfisher" */,
			);
			productRefGroup = B3E8DAF82857153B00E2398A /* Products */;
			projectDirPath = "";
			projectRoot = "";
			targets = (
				B3E8DAF62857153B00E2398A /* CellImageDownloader */,
				B3E8DB0C2857153C00E2398A /* CellImageDownloaderTests */,
				B3E8DB162857153C00E2398A /* CellImageDownloaderUITests */,
			);
		};
/* End PBXProject section */

/* Begin PBXResourcesBuildPhase section */
		B3E8DAF52857153B00E2398A /* Resources */ = {
			isa = PBXResourcesBuildPhase;
			buildActionMask = 2147483647;
			files = (
				B3E8DB072857153C00E2398A /* LaunchScreen.storyboard in Resources */,
				B3E8DB042857153C00E2398A /* Assets.xcassets in Resources */,
				B3E8DB2E2857158200E2398A /* ImageCollectionViewCell.xib in Resources */,
				B3E8DB022857153B00E2398A /* Main.storyboard in Resources */,
				B3E8DB302857164800E2398A /* NewsApiMockResponse.json in Resources */,
			);
			runOnlyForDeploymentPostprocessing = 0;
		};
		B3E8DB0B2857153C00E2398A /* Resources */ = {
			isa = PBXResourcesBuildPhase;
			buildActionMask = 2147483647;
			files = (
			);
			runOnlyForDeploymentPostprocessing = 0;
		};
		B3E8DB152857153C00E2398A /* Resources */ = {
			isa = PBXResourcesBuildPhase;
			buildActionMask = 2147483647;
			files = (
			);
			runOnlyForDeploymentPostprocessing = 0;
		};
/* End PBXResourcesBuildPhase section */

/* Begin PBXSourcesBuildPhase section */
		B3E8DAF32857153B00E2398A /* Sources */ = {
			isa = PBXSourcesBuildPhase;
			buildActionMask = 2147483647;
			files = (
				B3E8DB322857166300E2398A /* Utils.swift in Sources */,
				B3E8DAFF2857153B00E2398A /* ViewController.swift in Sources */,
				B3E8DB3B2857170700E2398A /* Source.swift in Sources */,
				B3E8DB3D2857170700E2398A /* Articles.swift in Sources */,
				B3E8DB3C2857170700E2398A /* Article.swift in Sources */,
				B3E8DAFB2857153B00E2398A /* AppDelegate.swift in Sources */,
				B3E8DB402857189000E2398A /* CellImageDownloaderManager.swift in Sources */,
				B3E8DB2D2857158200E2398A /* ImageCollectionViewCell.swift in Sources */,
				B3E8DAFD2857153B00E2398A /* SceneDelegate.swift in Sources */,
			);
			runOnlyForDeploymentPostprocessing = 0;
		};
		B3E8DB092857153C00E2398A /* Sources */ = {
			isa = PBXSourcesBuildPhase;
			buildActionMask = 2147483647;
			files = (
				B3E8DB122857153C00E2398A /* CellImageDownloaderTests.swift in Sources */,
			);
			runOnlyForDeploymentPostprocessing = 0;
		};
		B3E8DB132857153C00E2398A /* Sources */ = {
			isa = PBXSourcesBuildPhase;
			buildActionMask = 2147483647;
			files = (
				B3E8DB1C2857153C00E2398A /* CellImageDownloaderUITests.swift in Sources */,
				B3E8DB1E2857153C00E2398A /* CellImageDownloaderUITestsLaunchTests.swift in Sources */,
			);
			runOnlyForDeploymentPostprocessing = 0;
		};
/* End PBXSourcesBuildPhase section */

/* Begin PBXTargetDependency section */
		B3E8DB0F2857153C00E2398A /* PBXTargetDependency */ = {
			isa = PBXTargetDependency;
			target = B3E8DAF62857153B00E2398A /* CellImageDownloader */;
			targetProxy = B3E8DB0E2857153C00E2398A /* PBXContainerItemProxy */;
		};
		B3E8DB192857153C00E2398A /* PBXTargetDependency */ = {
			isa = PBXTargetDependency;
			target = B3E8DAF62857153B00E2398A /* CellImageDownloader */;
			targetProxy = B3E8DB182857153C00E2398A /* PBXContainerItemProxy */;
		};
/* End PBXTargetDependency section */

/* Begin PBXVariantGroup section */
		B3E8DB002857153B00E2398A /* Main.storyboard */ = {
			isa = PBXVariantGroup;
			children = (
				B3E8DB012857153B00E2398A /* Base */,
			);
			name = Main.storyboard;
			sourceTree = "<group>";
		};
		B3E8DB052857153C00E2398A /* LaunchScreen.storyboard */ = {
			isa = PBXVariantGroup;
			children = (
				B3E8DB062857153C00E2398A /* Base */,
			);
			name = LaunchScreen.storyboard;
			sourceTree = "<group>";
		};
/* End PBXVariantGroup section */

/* Begin XCBuildConfiguration section */
		B3E8DB1F2857153C00E2398A /* Debug */ = {
			isa = XCBuildConfiguration;
			buildSettings = {
				ALWAYS_SEARCH_USER_PATHS = NO;
				CLANG_ANALYZER_NONNULL = YES;
				CLANG_ANALYZER_NUMBER_OBJECT_CONVERSION = YES_AGGRESSIVE;
				CLANG_CXX_LANGUAGE_STANDARD = "gnu++17";
				CLANG_CXX_LIBRARY = "libc++";
				CLANG_ENABLE_MODULES = YES;
				CLANG_ENABLE_OBJC_ARC = YES;
				CLANG_ENABLE_OBJC_WEAK = YES;
				CLANG_WARN_BLOCK_CAPTURE_AUTORELEASING = YES;
				CLANG_WARN_BOOL_CONVERSION = YES;
				CLANG_WARN_COMMA = YES;
				CLANG_WARN_CONSTANT_CONVERSION = YES;
				CLANG_WARN_DEPRECATED_OBJC_IMPLEMENTATIONS = YES;
				CLANG_WARN_DIRECT_OBJC_ISA_USAGE = YES_ERROR;
				CLANG_WARN_DOCUMENTATION_COMMENTS = YES;
				CLANG_WARN_EMPTY_BODY = YES;
				CLANG_WARN_ENUM_CONVERSION = YES;
				CLANG_WARN_INFINITE_RECURSION = YES;
				CLANG_WARN_INT_CONVERSION = YES;
				CLANG_WARN_NON_LITERAL_NULL_CONVERSION = YES;
				CLANG_WARN_OBJC_IMPLICIT_RETAIN_SELF = YES;
				CLANG_WARN_OBJC_LITERAL_CONVERSION = YES;
				CLANG_WARN_OBJC_ROOT_CLASS = YES_ERROR;
				CLANG_WARN_QUOTED_INCLUDE_IN_FRAMEWORK_HEADER = YES;
				CLANG_WARN_RANGE_LOOP_ANALYSIS = YES;
				CLANG_WARN_STRICT_PROTOTYPES = YES;
				CLANG_WARN_SUSPICIOUS_MOVE = YES;
				CLANG_WARN_UNGUARDED_AVAILABILITY = YES_AGGRESSIVE;
				CLANG_WARN_UNREACHABLE_CODE = YES;
				CLANG_WARN__DUPLICATE_METHOD_MATCH = YES;
				COPY_PHASE_STRIP = NO;
				DEBUG_INFORMATION_FORMAT = dwarf;
				ENABLE_STRICT_OBJC_MSGSEND = YES;
				ENABLE_TESTABILITY = YES;
				GCC_C_LANGUAGE_STANDARD = gnu11;
				GCC_DYNAMIC_NO_PIC = NO;
				GCC_NO_COMMON_BLOCKS = YES;
				GCC_OPTIMIZATION_LEVEL = 0;
				GCC_PREPROCESSOR_DEFINITIONS = (
					"DEBUG=1",
					"$(inherited)",
				);
				GCC_WARN_64_TO_32_BIT_CONVERSION = YES;
				GCC_WARN_ABOUT_RETURN_TYPE = YES_ERROR;
				GCC_WARN_UNDECLARED_SELECTOR = YES;
				GCC_WARN_UNINITIALIZED_AUTOS = YES_AGGRESSIVE;
				GCC_WARN_UNUSED_FUNCTION = YES;
				GCC_WARN_UNUSED_VARIABLE = YES;
				IPHONEOS_DEPLOYMENT_TARGET = 15.2;
				MTL_ENABLE_DEBUG_INFO = INCLUDE_SOURCE;
				MTL_FAST_MATH = YES;
				ONLY_ACTIVE_ARCH = YES;
				SDKROOT = iphoneos;
				SWIFT_ACTIVE_COMPILATION_CONDITIONS = DEBUG;
				SWIFT_OPTIMIZATION_LEVEL = "-Onone";
			};
			name = Debug;
		};
		B3E8DB202857153C00E2398A /* Release */ = {
			isa = XCBuildConfiguration;
			buildSettings = {
				ALWAYS_SEARCH_USER_PATHS = NO;
				CLANG_ANALYZER_NONNULL = YES;
				CLANG_ANALYZER_NUMBER_OBJECT_CONVERSION = YES_AGGRESSIVE;
				CLANG_CXX_LANGUAGE_STANDARD = "gnu++17";
				CLANG_CXX_LIBRARY = "libc++";
				CLANG_ENABLE_MODULES = YES;
				CLANG_ENABLE_OBJC_ARC = YES;
				CLANG_ENABLE_OBJC_WEAK = YES;
				CLANG_WARN_BLOCK_CAPTURE_AUTORELEASING = YES;
				CLANG_WARN_BOOL_CONVERSION = YES;
				CLANG_WARN_COMMA = YES;
				CLANG_WARN_CONSTANT_CONVERSION = YES;
				CLANG_WARN_DEPRECATED_OBJC_IMPLEMENTATIONS = YES;
				CLANG_WARN_DIRECT_OBJC_ISA_USAGE = YES_ERROR;
				CLANG_WARN_DOCUMENTATION_COMMENTS = YES;
				CLANG_WARN_EMPTY_BODY = YES;
				CLANG_WARN_ENUM_CONVERSION = YES;
				CLANG_WARN_INFINITE_RECURSION = YES;
				CLANG_WARN_INT_CONVERSION = YES;
				CLANG_WARN_NON_LITERAL_NULL_CONVERSION = YES;
				CLANG_WARN_OBJC_IMPLICIT_RETAIN_SELF = YES;
				CLANG_WARN_OBJC_LITERAL_CONVERSION = YES;
				CLANG_WARN_OBJC_ROOT_CLASS = YES_ERROR;
				CLANG_WARN_QUOTED_INCLUDE_IN_FRAMEWORK_HEADER = YES;
				CLANG_WARN_RANGE_LOOP_ANALYSIS = YES;
				CLANG_WARN_STRICT_PROTOTYPES = YES;
				CLANG_WARN_SUSPICIOUS_MOVE = YES;
				CLANG_WARN_UNGUARDED_AVAILABILITY = YES_AGGRESSIVE;
				CLANG_WARN_UNREACHABLE_CODE = YES;
				CLANG_WARN__DUPLICATE_METHOD_MATCH = YES;
				COPY_PHASE_STRIP = NO;
				DEBUG_INFORMATION_FORMAT = "dwarf-with-dsym";
				ENABLE_NS_ASSERTIONS = NO;
				ENABLE_STRICT_OBJC_MSGSEND = YES;
				GCC_C_LANGUAGE_STANDARD = gnu11;
				GCC_NO_COMMON_BLOCKS = YES;
				GCC_WARN_64_TO_32_BIT_CONVERSION = YES;
				GCC_WARN_ABOUT_RETURN_TYPE = YES_ERROR;
				GCC_WARN_UNDECLARED_SELECTOR = YES;
				GCC_WARN_UNINITIALIZED_AUTOS = YES_AGGRESSIVE;
				GCC_WARN_UNUSED_FUNCTION = YES;
				GCC_WARN_UNUSED_VARIABLE = YES;
				IPHONEOS_DEPLOYMENT_TARGET = 15.2;
				MTL_ENABLE_DEBUG_INFO = NO;
				MTL_FAST_MATH = YES;
				SDKROOT = iphoneos;
				SWIFT_COMPILATION_MODE = wholemodule;
				SWIFT_OPTIMIZATION_LEVEL = "-O";
				VALIDATE_PRODUCT = YES;
			};
			name = Release;
		};
		B3E8DB222857153C00E2398A /* Debug */ = {
			isa = XCBuildConfiguration;
			buildSettings = {
				ASSETCATALOG_COMPILER_APPICON_NAME = AppIcon;
				ASSETCATALOG_COMPILER_GLOBAL_ACCENT_COLOR_NAME = AccentColor;
				CODE_SIGN_STYLE = Automatic;
				CURRENT_PROJECT_VERSION = 1;
				DEVELOPMENT_TEAM = 3MCKVUYN29;
				GENERATE_INFOPLIST_FILE = YES;
				INFOPLIST_FILE = CellImageDownloader/Info.plist;
				INFOPLIST_KEY_UIApplicationSupportsIndirectInputEvents = YES;
				INFOPLIST_KEY_UILaunchStoryboardName = LaunchScreen;
				INFOPLIST_KEY_UIMainStoryboardFile = Main;
				INFOPLIST_KEY_UISupportedInterfaceOrientations_iPad = "UIInterfaceOrientationPortrait UIInterfaceOrientationPortraitUpsideDown UIInterfaceOrientationLandscapeLeft UIInterfaceOrientationLandscapeRight";
				INFOPLIST_KEY_UISupportedInterfaceOrientations_iPhone = "UIInterfaceOrientationPortrait UIInterfaceOrientationLandscapeLeft UIInterfaceOrientationLandscapeRight";
				LD_RUNPATH_SEARCH_PATHS = (
					"$(inherited)",
					"@executable_path/Frameworks",
				);
				MARKETING_VERSION = 1.0;
				PRODUCT_BUNDLE_IDENTIFIER = batuhanbaran.CellImageDownloader;
				PRODUCT_NAME = "$(TARGET_NAME)";
				SWIFT_EMIT_LOC_STRINGS = YES;
				SWIFT_VERSION = 5.0;
				TARGETED_DEVICE_FAMILY = "1,2";
			};
			name = Debug;
		};
		B3E8DB232857153C00E2398A /* Release */ = {
			isa = XCBuildConfiguration;
			buildSettings = {
				ASSETCATALOG_COMPILER_APPICON_NAME = AppIcon;
				ASSETCATALOG_COMPILER_GLOBAL_ACCENT_COLOR_NAME = AccentColor;
				CODE_SIGN_STYLE = Automatic;
				CURRENT_PROJECT_VERSION = 1;
				DEVELOPMENT_TEAM = 3MCKVUYN29;
				GENERATE_INFOPLIST_FILE = YES;
				INFOPLIST_FILE = CellImageDownloader/Info.plist;
				INFOPLIST_KEY_UIApplicationSupportsIndirectInputEvents = YES;
				INFOPLIST_KEY_UILaunchStoryboardName = LaunchScreen;
				INFOPLIST_KEY_UIMainStoryboardFile = Main;
				INFOPLIST_KEY_UISupportedInterfaceOrientations_iPad = "UIInterfaceOrientationPortrait UIInterfaceOrientationPortraitUpsideDown UIInterfaceOrientationLandscapeLeft UIInterfaceOrientationLandscapeRight";
				INFOPLIST_KEY_UISupportedInterfaceOrientations_iPhone = "UIInterfaceOrientationPortrait UIInterfaceOrientationLandscapeLeft UIInterfaceOrientationLandscapeRight";
				LD_RUNPATH_SEARCH_PATHS = (
					"$(inherited)",
					"@executable_path/Frameworks",
				);
				MARKETING_VERSION = 1.0;
				PRODUCT_BUNDLE_IDENTIFIER = batuhanbaran.CellImageDownloader;
				PRODUCT_NAME = "$(TARGET_NAME)";
				SWIFT_EMIT_LOC_STRINGS = YES;
				SWIFT_VERSION = 5.0;
				TARGETED_DEVICE_FAMILY = "1,2";
			};
			name = Release;
		};
		B3E8DB252857153C00E2398A /* Debug */ = {
			isa = XCBuildConfiguration;
			buildSettings = {
				ALWAYS_EMBED_SWIFT_STANDARD_LIBRARIES = YES;
				BUNDLE_LOADER = "$(TEST_HOST)";
				CODE_SIGN_STYLE = Automatic;
				CURRENT_PROJECT_VERSION = 1;
				DEVELOPMENT_TEAM = 3MCKVUYN29;
				GENERATE_INFOPLIST_FILE = YES;
				IPHONEOS_DEPLOYMENT_TARGET = 15.2;
				MARKETING_VERSION = 1.0;
				PRODUCT_BUNDLE_IDENTIFIER = batuhanbaran.CellImageDownloaderTests;
				PRODUCT_NAME = "$(TARGET_NAME)";
				SWIFT_EMIT_LOC_STRINGS = NO;
				SWIFT_VERSION = 5.0;
				TARGETED_DEVICE_FAMILY = "1,2";
				TEST_HOST = "$(BUILT_PRODUCTS_DIR)/CellImageDownloader.app/CellImageDownloader";
			};
			name = Debug;
		};
		B3E8DB262857153C00E2398A /* Release */ = {
			isa = XCBuildConfiguration;
			buildSettings = {
				ALWAYS_EMBED_SWIFT_STANDARD_LIBRARIES = YES;
				BUNDLE_LOADER = "$(TEST_HOST)";
				CODE_SIGN_STYLE = Automatic;
				CURRENT_PROJECT_VERSION = 1;
				DEVELOPMENT_TEAM = 3MCKVUYN29;
				GENERATE_INFOPLIST_FILE = YES;
				IPHONEOS_DEPLOYMENT_TARGET = 15.2;
				MARKETING_VERSION = 1.0;
				PRODUCT_BUNDLE_IDENTIFIER = batuhanbaran.CellImageDownloaderTests;
				PRODUCT_NAME = "$(TARGET_NAME)";
				SWIFT_EMIT_LOC_STRINGS = NO;
				SWIFT_VERSION = 5.0;
				TARGETED_DEVICE_FAMILY = "1,2";
				TEST_HOST = "$(BUILT_PRODUCTS_DIR)/CellImageDownloader.app/CellImageDownloader";
			};
			name = Release;
		};
		B3E8DB282857153C00E2398A /* Debug */ = {
			isa = XCBuildConfiguration;
			buildSettings = {
				ALWAYS_EMBED_SWIFT_STANDARD_LIBRARIES = YES;
				CODE_SIGN_STYLE = Automatic;
				CURRENT_PROJECT_VERSION = 1;
				DEVELOPMENT_TEAM = 3MCKVUYN29;
				GENERATE_INFOPLIST_FILE = YES;
				MARKETING_VERSION = 1.0;
				PRODUCT_BUNDLE_IDENTIFIER = batuhanbaran.CellImageDownloaderUITests;
				PRODUCT_NAME = "$(TARGET_NAME)";
				SWIFT_EMIT_LOC_STRINGS = NO;
				SWIFT_VERSION = 5.0;
				TARGETED_DEVICE_FAMILY = "1,2";
				TEST_TARGET_NAME = CellImageDownloader;
			};
			name = Debug;
		};
		B3E8DB292857153C00E2398A /* Release */ = {
			isa = XCBuildConfiguration;
			buildSettings = {
				ALWAYS_EMBED_SWIFT_STANDARD_LIBRARIES = YES;
				CODE_SIGN_STYLE = Automatic;
				CURRENT_PROJECT_VERSION = 1;
				DEVELOPMENT_TEAM = 3MCKVUYN29;
				GENERATE_INFOPLIST_FILE = YES;
				MARKETING_VERSION = 1.0;
				PRODUCT_BUNDLE_IDENTIFIER = batuhanbaran.CellImageDownloaderUITests;
				PRODUCT_NAME = "$(TARGET_NAME)";
				SWIFT_EMIT_LOC_STRINGS = NO;
				SWIFT_VERSION = 5.0;
				TARGETED_DEVICE_FAMILY = "1,2";
				TEST_TARGET_NAME = CellImageDownloader;
			};
			name = Release;
		};
/* End XCBuildConfiguration section */

/* Begin XCConfigurationList section */
		B3E8DAF22857153B00E2398A /* Build configuration list for PBXProject "CellImageDownloader" */ = {
			isa = XCConfigurationList;
			buildConfigurations = (
				B3E8DB1F2857153C00E2398A /* Debug */,
				B3E8DB202857153C00E2398A /* Release */,
			);
			defaultConfigurationIsVisible = 0;
			defaultConfigurationName = Release;
		};
		B3E8DB212857153C00E2398A /* Build configuration list for PBXNativeTarget "CellImageDownloader" */ = {
			isa = XCConfigurationList;
			buildConfigurations = (
				B3E8DB222857153C00E2398A /* Debug */,
				B3E8DB232857153C00E2398A /* Release */,
			);
			defaultConfigurationIsVisible = 0;
			defaultConfigurationName = Release;
		};
		B3E8DB242857153C00E2398A /* Build configuration list for PBXNativeTarget "CellImageDownloaderTests" */ = {
			isa = XCConfigurationList;
			buildConfigurations = (
				B3E8DB252857153C00E2398A /* Debug */,
				B3E8DB262857153C00E2398A /* Release */,
			);
			defaultConfigurationIsVisible = 0;
			defaultConfigurationName = Release;
		};
		B3E8DB272857153C00E2398A /* Build configuration list for PBXNativeTarget "CellImageDownloaderUITests" */ = {
			isa = XCConfigurationList;
			buildConfigurations = (
				B3E8DB282857153C00E2398A /* Debug */,
				B3E8DB292857153C00E2398A /* Release */,
			);
			defaultConfigurationIsVisible = 0;
			defaultConfigurationName = Release;
		};
/* End XCConfigurationList section */

/* Begin XCRemoteSwiftPackageReference section */
		B3E8DB43285738EC00E2398A /* XCRemoteSwiftPackageReference "Kingfisher" */ = {
			isa = XCRemoteSwiftPackageReference;
			repositoryURL = "https://github.com/onevcat/Kingfisher.git";
			requirement = {
				branch = master;
				kind = branch;
			};
		};
/* End XCRemoteSwiftPackageReference section */

/* Begin XCSwiftPackageProductDependency section */
		B3E8DB44285738EC00E2398A /* Kingfisher */ = {
			isa = XCSwiftPackageProductDependency;
			package = B3E8DB43285738EC00E2398A /* XCRemoteSwiftPackageReference "Kingfisher" */;
			productName = Kingfisher;
		};
/* End XCSwiftPackageProductDependency section */
	};
	rootObject = B3E8DAEF2857153B00E2398A /* Project object */;
}
